
Microsoft Visual Studio Solution File, Format Version 12.00
# Visual Studio Version 17
VisualStudioVersion = 17.1.32407.343
MinimumVisualStudioVersion = 10.0.40219.1
Project("{9A19103F-16F7-4668-BE54-9A1E7A4F7556}") = "Lists - Lab", "Lists - Lab\Lists - Lab.csproj", "{F1FCA7F4-BFAB-4167-B158-D924DB3DA450}"
EndProject
Project("{9A19103F-16F7-4668-BE54-9A1E7A4F7556}") = "01. Sum Adjacent Equal Numbers", "01. Sum Adjacent Equal Numbers\01. Sum Adjacent Equal Numbers.csproj", "{1A6CDF98-6837-4F6C-AF9C-9A06DC7269D7}"
EndProject
Project("{9A19103F-16F7-4668-BE54-9A1E7A4F7556}") = "02. Gauss' Trick", "02. Gauss' Trick\02. Gauss' Trick.csproj", "{7A9EBF2B-BE99-41B9-8FD7-381BA48CF27C}"
EndProject
Project("{9A19103F-16F7-4668-BE54-9A1E7A4F7556}") = "03. Merging Lists", "03. Merging Lists\03. Merging Lists.csproj", "{69C94F46-7136-4130-905F-081435865502}"
EndProject
Project("{FAE04EC0-301F-11D3-BF4B-00C04F79EFBC}") = "04. List of Products", "04. List of Products\04. List of Products.csproj", "{B044580B-7327-4AC0-93AE-588B7B472B98}"
EndProject
Project("{FAE04EC0-301F-11D3-BF4B-00C04F79EFBC}") = "05. Remove Negatives and Reverse", "05. Remove Negatives and Reverse\05. Remove Negatives and Reverse.csproj", "{B2EEE843-1D3F-4D29-96EC-FCBFE0379562}"
EndProject
Project("{FAE04EC0-301F-11D3-BF4B-00C04F79EFBC}") = "06. List Manipulation Basics", "06. List Manipulation Basics\06. List Manipulation Basics.csproj", "{3CFE7FA8-CFA3-4003-BD6D-09A096849D13}"
EndProject
Project("{FAE04EC0-301F-11D3-BF4B-00C04F79EFBC}") = "07. List Manipulation Advanced", "07. List Manipulation Advanced\07. List Manipulation Advanced.csproj", "{27FF0509-4D2C-4EC5-A975-0FAD50C02585}"
EndProject
Global
	GlobalSection(SolutionConfigurationPlatforms) = preSolution
		Debug|Any CPU = Debug|Any CPU
		Release|Any CPU = Release|Any CPU
	EndGlobalSection
	GlobalSection(ProjectConfigurationPlatforms) = postSolution
		{F1FCA7F4-BFAB-4167-B158-D924DB3DA450}.Debug|Any CPU.ActiveCfg = Debug|Any CPU
		{F1FCA7F4-BFAB-4167-B158-D924DB3DA450}.Debug|Any CPU.Build.0 = Debug|Any CPU
		{F1FCA7F4-BFAB-4167-B158-D924DB3DA450}.Release|Any CPU.ActiveCfg = Release|Any CPU
		{F1FCA7F4-BFAB-4167-B158-D924DB3DA450}.Release|Any CPU.Build.0 = Release|Any CPU
		{1A6CDF98-6837-4F6C-AF9C-9A06DC7269D7}.Debug|Any CPU.ActiveCfg = Debug|Any CPU
		{1A6CDF98-6837-4F6C-AF9C-9A06DC7269D7}.Debug|Any CPU.Build.0 = Debug|Any CPU
		{1A6CDF98-6837-4F6C-AF9C-9A06DC7269D7}.Release|Any CPU.ActiveCfg = Release|Any CPU
		{1A6CDF98-6837-4F6C-AF9C-9A06DC7269D7}.Release|Any CPU.Build.0 = Release|Any CPU
		{7A9EBF2B-BE99-41B9-8FD7-381BA48CF27C}.Debug|Any CPU.ActiveCfg = Debug|Any CPU
		{7A9EBF2B-BE99-41B9-8FD7-381BA48CF27C}.Debug|Any CPU.Build.0 = Debug|Any CPU
		{7A9EBF2B-BE99-41B9-8FD7-381BA48CF27C}.Release|Any CPU.ActiveCfg = Release|Any CPU
		{7A9EBF2B-BE99-41B9-8FD7-381BA48CF27C}.Release|Any CPU.Build.0 = Release|Any CPU
		{69C94F46-7136-4130-905F-081435865502}.Debug|Any CPU.ActiveCfg = Debug|Any CPU
		{69C94F46-7136-4130-905F-081435865502}.Debug|Any CPU.Build.0 = Debug|Any CPU
		{69C94F46-7136-4130-905F-081435865502}.Release|Any CPU.ActiveCfg = Release|Any CPU
		{69C94F46-7136-4130-905F-081435865502}.Release|Any CPU.Build.0 = Release|Any CPU
		{B044580B-7327-4AC0-93AE-588B7B472B98}.Debug|Any CPU.ActiveCfg = Debug|Any CPU
		{B044580B-7327-4AC0-93AE-588B7B472B98}.Debug|Any CPU.Build.0 = Debug|Any CPU
		{B044580B-7327-4AC0-93AE-588B7B472B98}.Release|Any CPU.ActiveCfg = Release|Any CPU
		{B044580B-7327-4AC0-93AE-588B7B472B98}.Release|Any CPU.Build.0 = Release|Any CPU
		{B2EEE843-1D3F-4D29-96EC-FCBFE0379562}.Debug|Any CPU.ActiveCfg = Debug|Any CPU
		{B2EEE843-1D3F-4D29-96EC-FCBFE0379562}.Debug|Any CPU.Build.0 = Debug|Any CPU
		{B2EEE843-1D3F-4D29-96EC-FCBFE0379562}.Release|Any CPU.ActiveCfg = Release|Any CPU
		{B2EEE843-1D3F-4D29-96EC-FCBFE0379562}.Release|Any CPU.Build.0 = Release|Any CPU
		{3CFE7FA8-CFA3-4003-BD6D-09A096849D13}.Debug|Any CPU.ActiveCfg = Debug|Any CPU
		{3CFE7FA8-CFA3-4003-BD6D-09A096849D13}.Debug|Any CPU.Build.0 = Debug|Any CPU
		{3CFE7FA8-CFA3-4003-BD6D-09A096849D13}.Release|Any CPU.ActiveCfg = Release|Any CPU
		{3CFE7FA8-CFA3-4003-BD6D-09A096849D13}.Release|Any CPU.Build.0 = Release|Any CPU
		{27FF0509-4D2C-4EC5-A975-0FAD50C02585}.Debug|Any CPU.ActiveCfg = Debug|Any CPU
		{27FF0509-4D2C-4EC5-A975-0FAD50C02585}.Debug|Any CPU.Build.0 = Debug|Any CPU
		{27FF0509-4D2C-4EC5-A975-0FAD50C02585}.Release|Any CPU.ActiveCfg = Release|Any CPU
		{27FF0509-4D2C-4EC5-A975-0FAD50C02585}.Release|Any CPU.Build.0 = Release|Any CPU
	EndGlobalSection
	GlobalSection(SolutionProperties) = preSolution
		HideSolutionNode = FALSE
	EndGlobalSection
	GlobalSection(ExtensibilityGlobals) = postSolution
		SolutionGuid = {3C70DCAD-CD25-44A7-8F47-7C5BC1597A25}
	EndGlobalSection
EndGlobal
